
Microsoft Visual Studio Solution File, Format Version 12.00
# Visual Studio 15
VisualStudioVersion = 15.0.27130.2010
MinimumVisualStudioVersion = 10.0.40219.1
Project("{888888A0-9F3D-457C-B088-3A5042F75D52}") = "MachineLearning.Main", "MachineLearning.Main\MachineLearning.Main.pyproj", "{46317DC4-AC34-409B-958E-CB1ED36949C9}"
EndProject
Global
	GlobalSection(SolutionConfigurationPlatforms) = preSolution
		Debug|Any CPU = Debug|Any CPU
		Release|Any CPU = Release|Any CPU
	EndGlobalSection
	GlobalSection(ProjectConfigurationPlatforms) = postSolution
		{46317DC4-AC34-409B-958E-CB1ED36949C9}.Debug|Any CPU.ActiveCfg = Debug|Any CPU
		{46317DC4-AC34-409B-958E-CB1ED36949C9}.Release|Any CPU.ActiveCfg = Release|Any CPU
	EndGlobalSection
	GlobalSection(SolutionProperties) = preSolution
		HideSolutionNode = FALSE
	EndGlobalSection
	GlobalSection(ExtensibilityGlobals) = postSolution
		SolutionGuid = {E8BDB2BE-D3CF-4AC7-A669-E514517E856C}
	EndGlobalSection
EndGlobal
